// !$*UTF8*$!
{
	archiveVersion = 1;
	classes = {
	};
	objectVersion = 56;
	objects = {

/* Begin PBXBuildFile section */
		1D3E356B2C73C0FF0065707B /* MovieTableViewCell.xib in Resources */ = {isa = PBXBuildFile; fileRef = 1D3E356A2C73C0FF0065707B /* MovieTableViewCell.xib */; };
		1D3E356C2C73C0FF0065707B /* MovieTableViewCell.swift in Sources */ = {isa = PBXBuildFile; fileRef = 1D3E35692C73C0FF0065707B /* MovieTableViewCell.swift */; };
		1D3E36022C73E4100065707B /* Extensions.swift in Sources */ = {isa = PBXBuildFile; fileRef = 1D3E36012C73E4100065707B /* Extensions.swift */; };
		1D3E36042C73E5FE0065707B /* MovieTableViewCellViewModel.swift in Sources */ = {isa = PBXBuildFile; fileRef = 1D3E36032C73E5FE0065707B /* MovieTableViewCellViewModel.swift */; };
		1D3E36072C73EA500065707B /* SDWebImage in Frameworks */ = {isa = PBXBuildFile; productRef = 1D3E36062C73EA500065707B /* SDWebImage */; };
		1D3E36092C73EA500065707B /* SDWebImageMapKit in Frameworks */ = {isa = PBXBuildFile; productRef = 1D3E36082C73EA500065707B /* SDWebImageMapKit */; };
		1D3E5C602C70FD6B0035205C /* AppDelegate.swift in Sources */ = {isa = PBXBuildFile; fileRef = 1D3E5C5F2C70FD6B0035205C /* AppDelegate.swift */; };
		1D3E5C692C70FD6C0035205C /* Assets.xcassets in Resources */ = {isa = PBXBuildFile; fileRef = 1D3E5C682C70FD6C0035205C /* Assets.xcassets */; };
		1D3E5C6C2C70FD6C0035205C /* Base in Resources */ = {isa = PBXBuildFile; fileRef = 1D3E5C6B2C70FD6C0035205C /* Base */; };
		1D3E5C762C7102280035205C /* MainScreenViewController.xib in Resources */ = {isa = PBXBuildFile; fileRef = 1D3E5C752C7102280035205C /* MainScreenViewController.xib */; };
		1D3E5C772C7102280035205C /* MainScreenViewController.swift in Sources */ = {isa = PBXBuildFile; fileRef = 1D3E5C742C7102280035205C /* MainScreenViewController.swift */; };
		1D3E5C822C71212F0035205C /* MainViewModel.swift in Sources */ = {isa = PBXBuildFile; fileRef = 1D3E5C812C71212F0035205C /* MainViewModel.swift */; };
		1D3E5C842C71342C0035205C /* NetworkConstant.swift in Sources */ = {isa = PBXBuildFile; fileRef = 1D3E5C832C71342C0035205C /* NetworkConstant.swift */; };
		1D3E5C862C71449C0035205C /* APIClient.swift in Sources */ = {isa = PBXBuildFile; fileRef = 1D3E5C852C71449C0035205C /* APIClient.swift */; };
		1D3E5C882C7145600035205C /* TrendingMoviesModel.swift in Sources */ = {isa = PBXBuildFile; fileRef = 1D3E5C872C7145600035205C /* TrendingMoviesModel.swift */; };
		1D4EB6922C72635700C8E140 /* Observable.swift in Sources */ = {isa = PBXBuildFile; fileRef = 1D4EB6912C72635700C8E140 /* Observable.swift */; };
/* End PBXBuildFile section */

/* Begin PBXFileReference section */
		1D3E35692C73C0FF0065707B /* MovieTableViewCell.swift */ = {isa = PBXFileReference; lastKnownFileType = sourcecode.swift; path = MovieTableViewCell.swift; sourceTree = "<group>"; };
		1D3E356A2C73C0FF0065707B /* MovieTableViewCell.xib */ = {isa = PBXFileReference; lastKnownFileType = file.xib; path = MovieTableViewCell.xib; sourceTree = "<group>"; };
		1D3E36012C73E4100065707B /* Extensions.swift */ = {isa = PBXFileReference; lastKnownFileType = sourcecode.swift; path = Extensions.swift; sourceTree = "<group>"; };
		1D3E36032C73E5FE0065707B /* MovieTableViewCellViewModel.swift */ = {isa = PBXFileReference; lastKnownFileType = sourcecode.swift; path = MovieTableViewCellViewModel.swift; sourceTree = "<group>"; };
		1D3E5C5C2C70FD6B0035205C /* MovieBox.app */ = {isa = PBXFileReference; explicitFileType = wrapper.application; includeInIndex = 0; path = MovieBox.app; sourceTree = BUILT_PRODUCTS_DIR; };
		1D3E5C5F2C70FD6B0035205C /* AppDelegate.swift */ = {isa = PBXFileReference; lastKnownFileType = sourcecode.swift; path = AppDelegate.swift; sourceTree = "<group>"; };
		1D3E5C682C70FD6C0035205C /* Assets.xcassets */ = {isa = PBXFileReference; lastKnownFileType = folder.assetcatalog; path = Assets.xcassets; sourceTree = "<group>"; };
		1D3E5C6B2C70FD6C0035205C /* Base */ = {isa = PBXFileReference; lastKnownFileType = file.storyboard; name = Base; path = Base.lproj/LaunchScreen.storyboard; sourceTree = "<group>"; };
		1D3E5C6D2C70FD6C0035205C /* Info.plist */ = {isa = PBXFileReference; lastKnownFileType = text.plist.xml; path = Info.plist; sourceTree = "<group>"; };
		1D3E5C742C7102280035205C /* MainScreenViewController.swift */ = {isa = PBXFileReference; lastKnownFileType = sourcecode.swift; path = MainScreenViewController.swift; sourceTree = "<group>"; };
		1D3E5C752C7102280035205C /* MainScreenViewController.xib */ = {isa = PBXFileReference; lastKnownFileType = file.xib; path = MainScreenViewController.xib; sourceTree = "<group>"; };
		1D3E5C812C71212F0035205C /* MainViewModel.swift */ = {isa = PBXFileReference; lastKnownFileType = sourcecode.swift; path = MainViewModel.swift; sourceTree = "<group>"; };
		1D3E5C832C71342C0035205C /* NetworkConstant.swift */ = {isa = PBXFileReference; lastKnownFileType = sourcecode.swift; path = NetworkConstant.swift; sourceTree = "<group>"; };
		1D3E5C852C71449C0035205C /* APIClient.swift */ = {isa = PBXFileReference; lastKnownFileType = sourcecode.swift; path = APIClient.swift; sourceTree = "<group>"; };
		1D3E5C872C7145600035205C /* TrendingMoviesModel.swift */ = {isa = PBXFileReference; lastKnownFileType = sourcecode.swift; path = TrendingMoviesModel.swift; sourceTree = "<group>"; };
		1D4EB6912C72635700C8E140 /* Observable.swift */ = {isa = PBXFileReference; lastKnownFileType = sourcecode.swift; path = Observable.swift; sourceTree = "<group>"; };
/* End PBXFileReference section */

/* Begin PBXFrameworksBuildPhase section */
		1D3E5C592C70FD6B0035205C /* Frameworks */ = {
			isa = PBXFrameworksBuildPhase;
			buildActionMask = 2147483647;
			files = (
				1D3E36092C73EA500065707B /* SDWebImageMapKit in Frameworks */,
				1D3E36072C73EA500065707B /* SDWebImage in Frameworks */,
			);
			runOnlyForDeploymentPostprocessing = 0;
		};
/* End PBXFrameworksBuildPhase section */

/* Begin PBXGroup section */
		1D3E35682C73C0D00065707B /* MovieTableViewCell */ = {
			isa = PBXGroup;
			children = (
				1D3E35692C73C0FF0065707B /* MovieTableViewCell.swift */,
				1D3E356A2C73C0FF0065707B /* MovieTableViewCell.xib */,
			);
			path = MovieTableViewCell;
			sourceTree = "<group>";
		};
		1D3E5C532C70FD6B0035205C = {
			isa = PBXGroup;
			children = (
				1D3E5C5E2C70FD6B0035205C /* MovieBox */,
				1D3E5C5D2C70FD6B0035205C /* Products */,
			);
			sourceTree = "<group>";
		};
		1D3E5C5D2C70FD6B0035205C /* Products */ = {
			isa = PBXGroup;
			children = (
				1D3E5C5C2C70FD6B0035205C /* MovieBox.app */,
			);
			name = Products;
			sourceTree = "<group>";
		};
		1D3E5C5E2C70FD6B0035205C /* MovieBox */ = {
			isa = PBXGroup;
			children = (
				1D3E5C782C7102800035205C /* Application */,
				1D3E5C802C710A040035205C /* Networking */,
				1D3E5C7F2C7109DD0035205C /* Extensions */,
				1D3E5C7D2C71096B0035205C /* Classes */,
				1D3E5C7C2C7109670035205C /* Model */,
				1D3E5C7B2C7109630035205C /* Controllers */,
				1D3E5C7A2C71095B0035205C /* ViewModel */,
				1D3E5C792C7109580035205C /* View */,
				1D3E5C7E2C7109C40035205C /* Resources */,
				1D3E5C6D2C70FD6C0035205C /* Info.plist */,
			);
			path = MovieBox;
			sourceTree = "<group>";
		};
		1D3E5C732C7101F40035205C /* MainScreenModule */ = {
			isa = PBXGroup;
			children = (
				1D3E5C742C7102280035205C /* MainScreenViewController.swift */,
				1D3E5C752C7102280035205C /* MainScreenViewController.xib */,
			);
			path = MainScreenModule;
			sourceTree = "<group>";
		};
		1D3E5C782C7102800035205C /* Application */ = {
			isa = PBXGroup;
			children = (
				1D3E5C5F2C70FD6B0035205C /* AppDelegate.swift */,
			);
			path = Application;
			sourceTree = "<group>";
		};
		1D3E5C792C7109580035205C /* View */ = {
			isa = PBXGroup;
			children = (
				1D3E35682C73C0D00065707B /* MovieTableViewCell */,
				1D3E5C6A2C70FD6C0035205C /* LaunchScreen.storyboard */,
			);
			path = View;
			sourceTree = "<group>";
		};
		1D3E5C7A2C71095B0035205C /* ViewModel */ = {
			isa = PBXGroup;
			children = (
				1D3E5C812C71212F0035205C /* MainViewModel.swift */,
				1D3E36032C73E5FE0065707B /* MovieTableViewCellViewModel.swift */,
			);
			path = ViewModel;
			sourceTree = "<group>";
		};
		1D3E5C7B2C7109630035205C /* Controllers */ = {
			isa = PBXGroup;
			children = (
				1D3E5C732C7101F40035205C /* MainScreenModule */,
			);
			path = Controllers;
			sourceTree = "<group>";
		};
		1D3E5C7C2C7109670035205C /* Model */ = {
			isa = PBXGroup;
			children = (
				1D3E5C872C7145600035205C /* TrendingMoviesModel.swift */,
			);
			path = Model;
			sourceTree = "<group>";
		};
		1D3E5C7D2C71096B0035205C /* Classes */ = {
			isa = PBXGroup;
			children = (
				1D4EB6912C72635700C8E140 /* Observable.swift */,
			);
			path = Classes;
			sourceTree = "<group>";
		};
		1D3E5C7E2C7109C40035205C /* Resources */ = {
			isa = PBXGroup;
			children = (
				1D3E5C682C70FD6C0035205C /* Assets.xcassets */,
			);
			path = Resources;
			sourceTree = "<group>";
		};
		1D3E5C7F2C7109DD0035205C /* Extensions */ = {
			isa = PBXGroup;
			children = (
				1D3E36012C73E4100065707B /* Extensions.swift */,
			);
			path = Extensions;
			sourceTree = "<group>";
		};
		1D3E5C802C710A040035205C /* Networking */ = {
			isa = PBXGroup;
			children = (
				1D3E5C832C71342C0035205C /* NetworkConstant.swift */,
				1D3E5C852C71449C0035205C /* APIClient.swift */,
			);
			path = Networking;
			sourceTree = "<group>";
		};
/* End PBXGroup section */

/* Begin PBXNativeTarget section */
		1D3E5C5B2C70FD6B0035205C /* MovieBox */ = {
			isa = PBXNativeTarget;
			buildConfigurationList = 1D3E5C702C70FD6C0035205C /* Build configuration list for PBXNativeTarget "MovieBox" */;
			buildPhases = (
				1D3E5C582C70FD6B0035205C /* Sources */,
				1D3E5C592C70FD6B0035205C /* Frameworks */,
				1D3E5C5A2C70FD6B0035205C /* Resources */,
			);
			buildRules = (
			);
			dependencies = (
			);
			name = MovieBox;
			packageProductDependencies = (
				1D3E36062C73EA500065707B /* SDWebImage */,
				1D3E36082C73EA500065707B /* SDWebImageMapKit */,
			);
			productName = MovieBox;
			productReference = 1D3E5C5C2C70FD6B0035205C /* MovieBox.app */;
			productType = "com.apple.product-type.application";
		};
/* End PBXNativeTarget section */

/* Begin PBXProject section */
		1D3E5C542C70FD6B0035205C /* Project object */ = {
			isa = PBXProject;
			attributes = {
				BuildIndependentTargetsInParallel = 1;
				LastSwiftUpdateCheck = 1540;
				LastUpgradeCheck = 1540;
				TargetAttributes = {
					1D3E5C5B2C70FD6B0035205C = {
						CreatedOnToolsVersion = 15.4;
					};
				};
			};
			buildConfigurationList = 1D3E5C572C70FD6B0035205C /* Build configuration list for PBXProject "MovieBox" */;
			compatibilityVersion = "Xcode 14.0";
			developmentRegion = en;
			hasScannedForEncodings = 0;
			knownRegions = (
				en,
				Base,
			);
			mainGroup = 1D3E5C532C70FD6B0035205C;
			packageReferences = (
				1D3E36052C73EA500065707B /* XCRemoteSwiftPackageReference "SDWebImage" */,
			);
			productRefGroup = 1D3E5C5D2C70FD6B0035205C /* Products */;
			projectDirPath = "";
			projectRoot = "";
			targets = (
				1D3E5C5B2C70FD6B0035205C /* MovieBox */,
			);
		};
/* End PBXProject section */

/* Begin PBXResourcesBuildPhase section */
		1D3E5C5A2C70FD6B0035205C /* Resources */ = {
			isa = PBXResourcesBuildPhase;
			buildActionMask = 2147483647;
			files = (
				1D3E5C692C70FD6C0035205C /* Assets.xcassets in Resources */,
				1D3E5C6C2C70FD6C0035205C /* Base in Resources */,
				1D3E356B2C73C0FF0065707B /* MovieTableViewCell.xib in Resources */,
				1D3E5C762C7102280035205C /* MainScreenViewController.xib in Resources */,
			);
			runOnlyForDeploymentPostprocessing = 0;
		};
/* End PBXResourcesBuildPhase section */

/* Begin PBXSourcesBuildPhase section */
		1D3E5C582C70FD6B0035205C /* Sources */ = {
			isa = PBXSourcesBuildPhase;
			buildActionMask = 2147483647;
			files = (
				1D3E5C842C71342C0035205C /* NetworkConstant.swift in Sources */,
				1D3E36022C73E4100065707B /* Extensions.swift in Sources */,
				1D3E5C602C70FD6B0035205C /* AppDelegate.swift in Sources */,
				1D3E5C772C7102280035205C /* MainScreenViewController.swift in Sources */,
				1D4EB6922C72635700C8E140 /* Observable.swift in Sources */,
				1D3E36042C73E5FE0065707B /* MovieTableViewCellViewModel.swift in Sources */,
				1D3E5C862C71449C0035205C /* APIClient.swift in Sources */,
				1D3E5C822C71212F0035205C /* MainViewModel.swift in Sources */,
				1D3E356C2C73C0FF0065707B /* MovieTableViewCell.swift in Sources */,
				1D3E5C882C7145600035205C /* TrendingMoviesModel.swift in Sources */,
			);
			runOnlyForDeploymentPostprocessing = 0;
		};
/* End PBXSourcesBuildPhase section */

/* Begin PBXVariantGroup section */
		1D3E5C6A2C70FD6C0035205C /* LaunchScreen.storyboard */ = {
			isa = PBXVariantGroup;
			children = (
				1D3E5C6B2C70FD6C0035205C /* Base */,
			);
			name = LaunchScreen.storyboard;
			sourceTree = "<group>";
		};
/* End PBXVariantGroup section */

/* Begin XCBuildConfiguration section */
		1D3E5C6E2C70FD6C0035205C /* Debug */ = {
			isa = XCBuildConfiguration;
			buildSettings = {
				ALWAYS_SEARCH_USER_PATHS = NO;
				ASSETCATALOG_COMPILER_GENERATE_SWIFT_ASSET_SYMBOL_EXTENSIONS = YES;
				CLANG_ANALYZER_NONNULL = YES;
				CLANG_ANALYZER_NUMBER_OBJECT_CONVERSION = YES_AGGRESSIVE;
				CLANG_CXX_LANGUAGE_STANDARD = "gnu++20";
				CLANG_ENABLE_MODULES = YES;
				CLANG_ENABLE_OBJC_ARC = YES;
				CLANG_ENABLE_OBJC_WEAK = YES;
				CLANG_WARN_BLOCK_CAPTURE_AUTORELEASING = YES;
				CLANG_WARN_BOOL_CONVERSION = YES;
				CLANG_WARN_COMMA = YES;
				CLANG_WARN_CONSTANT_CONVERSION = YES;
				CLANG_WARN_DEPRECATED_OBJC_IMPLEMENTATIONS = YES;
				CLANG_WARN_DIRECT_OBJC_ISA_USAGE = YES_ERROR;
				CLANG_WARN_DOCUMENTATION_COMMENTS = YES;
				CLANG_WARN_EMPTY_BODY = YES;
				CLANG_WARN_ENUM_CONVERSION = YES;
				CLANG_WARN_INFINITE_RECURSION = YES;
				CLANG_WARN_INT_CONVERSION = YES;
				CLANG_WARN_NON_LITERAL_NULL_CONVERSION = YES;
				CLANG_WARN_OBJC_IMPLICIT_RETAIN_SELF = YES;
				CLANG_WARN_OBJC_LITERAL_CONVERSION = YES;
				CLANG_WARN_OBJC_ROOT_CLASS = YES_ERROR;
				CLANG_WARN_QUOTED_INCLUDE_IN_FRAMEWORK_HEADER = YES;
				CLANG_WARN_RANGE_LOOP_ANALYSIS = YES;
				CLANG_WARN_STRICT_PROTOTYPES = YES;
				CLANG_WARN_SUSPICIOUS_MOVE = YES;
				CLANG_WARN_UNGUARDED_AVAILABILITY = YES_AGGRESSIVE;
				CLANG_WARN_UNREACHABLE_CODE = YES;
				CLANG_WARN__DUPLICATE_METHOD_MATCH = YES;
				COPY_PHASE_STRIP = NO;
				DEBUG_INFORMATION_FORMAT = dwarf;
				ENABLE_STRICT_OBJC_MSGSEND = YES;
				ENABLE_TESTABILITY = YES;
				ENABLE_USER_SCRIPT_SANDBOXING = YES;
				GCC_C_LANGUAGE_STANDARD = gnu17;
				GCC_DYNAMIC_NO_PIC = NO;
				GCC_NO_COMMON_BLOCKS = YES;
				GCC_OPTIMIZATION_LEVEL = 0;
				GCC_PREPROCESSOR_DEFINITIONS = (
					"DEBUG=1",
					"$(inherited)",
				);
				GCC_WARN_64_TO_32_BIT_CONVERSION = YES;
				GCC_WARN_ABOUT_RETURN_TYPE = YES_ERROR;
				GCC_WARN_UNDECLARED_SELECTOR = YES;
				GCC_WARN_UNINITIALIZED_AUTOS = YES_AGGRESSIVE;
				GCC_WARN_UNUSED_FUNCTION = YES;
				GCC_WARN_UNUSED_VARIABLE = YES;
				INFOPLIST_KEY_NSMainStoryboardFile = "";
				IPHONEOS_DEPLOYMENT_TARGET = 17.5;
				LOCALIZATION_PREFERS_STRING_CATALOGS = YES;
				MTL_ENABLE_DEBUG_INFO = INCLUDE_SOURCE;
				MTL_FAST_MATH = YES;
				ONLY_ACTIVE_ARCH = YES;
				SDKROOT = iphoneos;
				SWIFT_ACTIVE_COMPILATION_CONDITIONS = "DEBUG $(inherited)";
				SWIFT_OPTIMIZATION_LEVEL = "-Onone";
			};
			name = Debug;
		};
		1D3E5C6F2C70FD6C0035205C /* Release */ = {
			isa = XCBuildConfiguration;
			buildSettings = {
				ALWAYS_SEARCH_USER_PATHS = NO;
				ASSETCATALOG_COMPILER_GENERATE_SWIFT_ASSET_SYMBOL_EXTENSIONS = YES;
				CLANG_ANALYZER_NONNULL = YES;
				CLANG_ANALYZER_NUMBER_OBJECT_CONVERSION = YES_AGGRESSIVE;
				CLANG_CXX_LANGUAGE_STANDARD = "gnu++20";
				CLANG_ENABLE_MODULES = YES;
				CLANG_ENABLE_OBJC_ARC = YES;
				CLANG_ENABLE_OBJC_WEAK = YES;
				CLANG_WARN_BLOCK_CAPTURE_AUTORELEASING = YES;
				CLANG_WARN_BOOL_CONVERSION = YES;
				CLANG_WARN_COMMA = YES;
				CLANG_WARN_CONSTANT_CONVERSION = YES;
				CLANG_WARN_DEPRECATED_OBJC_IMPLEMENTATIONS = YES;
				CLANG_WARN_DIRECT_OBJC_ISA_USAGE = YES_ERROR;
				CLANG_WARN_DOCUMENTATION_COMMENTS = YES;
				CLANG_WARN_EMPTY_BODY = YES;
				CLANG_WARN_ENUM_CONVERSION = YES;
				CLANG_WARN_INFINITE_RECURSION = YES;
				CLANG_WARN_INT_CONVERSION = YES;
				CLANG_WARN_NON_LITERAL_NULL_CONVERSION = YES;
				CLANG_WARN_OBJC_IMPLICIT_RETAIN_SELF = YES;
				CLANG_WARN_OBJC_LITERAL_CONVERSION = YES;
				CLANG_WARN_OBJC_ROOT_CLASS = YES_ERROR;
				CLANG_WARN_QUOTED_INCLUDE_IN_FRAMEWORK_HEADER = YES;
				CLANG_WARN_RANGE_LOOP_ANALYSIS = YES;
				CLANG_WARN_STRICT_PROTOTYPES = YES;
				CLANG_WARN_SUSPICIOUS_MOVE = YES;
				CLANG_WARN_UNGUARDED_AVAILABILITY = YES_AGGRESSIVE;
				CLANG_WARN_UNREACHABLE_CODE = YES;
				CLANG_WARN__DUPLICATE_METHOD_MATCH = YES;
				COPY_PHASE_STRIP = NO;
				DEBUG_INFORMATION_FORMAT = "dwarf-with-dsym";
				ENABLE_NS_ASSERTIONS = NO;
				ENABLE_STRICT_OBJC_MSGSEND = YES;
				ENABLE_USER_SCRIPT_SANDBOXING = YES;
				GCC_C_LANGUAGE_STANDARD = gnu17;
				GCC_NO_COMMON_BLOCKS = YES;
				GCC_WARN_64_TO_32_BIT_CONVERSION = YES;
				GCC_WARN_ABOUT_RETURN_TYPE = YES_ERROR;
				GCC_WARN_UNDECLARED_SELECTOR = YES;
				GCC_WARN_UNINITIALIZED_AUTOS = YES_AGGRESSIVE;
				GCC_WARN_UNUSED_FUNCTION = YES;
				GCC_WARN_UNUSED_VARIABLE = YES;
				INFOPLIST_KEY_NSMainStoryboardFile = "";
				IPHONEOS_DEPLOYMENT_TARGET = 17.5;
				LOCALIZATION_PREFERS_STRING_CATALOGS = YES;
				MTL_ENABLE_DEBUG_INFO = NO;
				MTL_FAST_MATH = YES;
				SDKROOT = iphoneos;
				SWIFT_COMPILATION_MODE = wholemodule;
				VALIDATE_PRODUCT = YES;
			};
			name = Release;
		};
		1D3E5C712C70FD6C0035205C /* Debug */ = {
			isa = XCBuildConfiguration;
			buildSettings = {
				ASSETCATALOG_COMPILER_APPICON_NAME = AppIcon;
				ASSETCATALOG_COMPILER_GLOBAL_ACCENT_COLOR_NAME = AccentColor;
				CODE_SIGN_STYLE = Automatic;
				CURRENT_PROJECT_VERSION = 1;
				DEVELOPMENT_TEAM = S727C47Y77;
				GENERATE_INFOPLIST_FILE = YES;
				INFOPLIST_FILE = MovieBox/Info.plist;
				INFOPLIST_KEY_UIApplicationSupportsIndirectInputEvents = YES;
				INFOPLIST_KEY_UILaunchStoryboardName = LaunchScreen;
				INFOPLIST_KEY_UISupportedInterfaceOrientations = "UIInterfaceOrientationLandscapeLeft UIInterfaceOrientationLandscapeRight UIInterfaceOrientationPortrait";
				INFOPLIST_KEY_UISupportedInterfaceOrientations_iPad = "UIInterfaceOrientationLandscapeLeft UIInterfaceOrientationLandscapeRight UIInterfaceOrientationPortrait UIInterfaceOrientationPortraitUpsideDown";
				LD_RUNPATH_SEARCH_PATHS = (
					"$(inherited)",
					"@executable_path/Frameworks",
				);
				MARKETING_VERSION = 1.0;
				PRODUCT_BUNDLE_IDENTIFIER = com.mycreationcollections.MovieBox;
				PRODUCT_NAME = "$(TARGET_NAME)";
				SWIFT_EMIT_LOC_STRINGS = YES;
				SWIFT_VERSION = 5.0;
				TARGETED_DEVICE_FAMILY = "1,2";
			};
			name = Debug;
		};
		1D3E5C722C70FD6C0035205C /* Release */ = {
			isa = XCBuildConfiguration;
			buildSettings = {
				ASSETCATALOG_COMPILER_APPICON_NAME = AppIcon;
				ASSETCATALOG_COMPILER_GLOBAL_ACCENT_COLOR_NAME = AccentColor;
				CODE_SIGN_STYLE = Automatic;
				CURRENT_PROJECT_VERSION = 1;
				DEVELOPMENT_TEAM = S727C47Y77;
				GENERATE_INFOPLIST_FILE = YES;
				INFOPLIST_FILE = MovieBox/Info.plist;
				INFOPLIST_KEY_UIApplicationSupportsIndirectInputEvents = YES;
				INFOPLIST_KEY_UILaunchStoryboardName = LaunchScreen;
				INFOPLIST_KEY_UISupportedInterfaceOrientations = "UIInterfaceOrientationLandscapeLeft UIInterfaceOrientationLandscapeRight UIInterfaceOrientationPortrait";
				INFOPLIST_KEY_UISupportedInterfaceOrientations_iPad = "UIInterfaceOrientationLandscapeLeft UIInterfaceOrientationLandscapeRight UIInterfaceOrientationPortrait UIInterfaceOrientationPortraitUpsideDown";
				LD_RUNPATH_SEARCH_PATHS = (
					"$(inherited)",
					"@executable_path/Frameworks",
				);
				MARKETING_VERSION = 1.0;
				PRODUCT_BUNDLE_IDENTIFIER = com.mycreationcollections.MovieBox;
				PRODUCT_NAME = "$(TARGET_NAME)";
				SWIFT_EMIT_LOC_STRINGS = YES;
				SWIFT_VERSION = 5.0;
				TARGETED_DEVICE_FAMILY = "1,2";
			};
			name = Release;
		};
/* End XCBuildConfiguration section */

/* Begin XCConfigurationList section */
		1D3E5C572C70FD6B0035205C /* Build configuration list for PBXProject "MovieBox" */ = {
			isa = XCConfigurationList;
			buildConfigurations = (
				1D3E5C6E2C70FD6C0035205C /* Debug */,
				1D3E5C6F2C70FD6C0035205C /* Release */,
			);
			defaultConfigurationIsVisible = 0;
			defaultConfigurationName = Release;
		};
		1D3E5C702C70FD6C0035205C /* Build configuration list for PBXNativeTarget "MovieBox" */ = {
			isa = XCConfigurationList;
			buildConfigurations = (
				1D3E5C712C70FD6C0035205C /* Debug */,
				1D3E5C722C70FD6C0035205C /* Release */,
			);
			defaultConfigurationIsVisible = 0;
			defaultConfigurationName = Release;
		};
/* End XCConfigurationList section */

/* Begin XCRemoteSwiftPackageReference section */
		1D3E36052C73EA500065707B /* XCRemoteSwiftPackageReference "SDWebImage" */ = {
			isa = XCRemoteSwiftPackageReference;
			repositoryURL = "https://github.com/SDWebImage/SDWebImage.git";
			requirement = {
				kind = upToNextMajorVersion;
				minimumVersion = 5.19.6;
			};
		};
/* End XCRemoteSwiftPackageReference section */

/* Begin XCSwiftPackageProductDependency section */
		1D3E36062C73EA500065707B /* SDWebImage */ = {
			isa = XCSwiftPackageProductDependency;
			package = 1D3E36052C73EA500065707B /* XCRemoteSwiftPackageReference "SDWebImage" */;
			productName = SDWebImage;
		};
		1D3E36082C73EA500065707B /* SDWebImageMapKit */ = {
			isa = XCSwiftPackageProductDependency;
			package = 1D3E36052C73EA500065707B /* XCRemoteSwiftPackageReference "SDWebImage" */;
			productName = SDWebImageMapKit;
		};
/* End XCSwiftPackageProductDependency section */
	};
	rootObject = 1D3E5C542C70FD6B0035205C /* Project object */;
}
